
Microsoft Visual Studio Solution File, Format Version 12.00
# Visual Studio Version 17
VisualStudioVersion = 17.4.33110.190
MinimumVisualStudioVersion = 10.0.40219.1
Project("{888888A0-9F3D-457C-B088-3A5042F75D52}") = "CourseworkPrototype", "CourseworkPrototype\CourseworkPrototype.pyproj", "{D9C387AA-372B-4401-A77C-80988E4E8290}"
EndProject
Project("{888888A0-9F3D-457C-B088-3A5042F75D52}") = "CourseworkMainProgramming", "CourseworkMainProgramming\CourseworkMainProgramming.pyproj", "{7F91112C-C1BF-408F-BB5E-D418D170CA14}"
EndProject
Global
	GlobalSection(SolutionConfigurationPlatforms) = preSolution
		Debug|Any CPU = Debug|Any CPU
		Release|Any CPU = Release|Any CPU
	EndGlobalSection
	GlobalSection(ProjectConfigurationPlatforms) = postSolution
		{D9C387AA-372B-4401-A77C-80988E4E8290}.Debug|Any CPU.ActiveCfg = Debug|Any CPU
		{D9C387AA-372B-4401-A77C-80988E4E8290}.Release|Any CPU.ActiveCfg = Release|Any CPU
		{7F91112C-C1BF-408F-BB5E-D418D170CA14}.Debug|Any CPU.ActiveCfg = Debug|Any CPU
		{7F91112C-C1BF-408F-BB5E-D418D170CA14}.Release|Any CPU.ActiveCfg = Release|Any CPU
	EndGlobalSection
	GlobalSection(SolutionProperties) = preSolution
		HideSolutionNode = FALSE
	EndGlobalSection
	GlobalSection(ExtensibilityGlobals) = postSolution
		SolutionGuid = {3CD3F17A-4B83-4B2C-AA83-0E6429D3D29F}
	EndGlobalSection
EndGlobal
